// !$*UTF8*$!
{
	archiveVersion = 1;
	classes = {
	};
	objectVersion = 46;
	objects = {

/* Begin PBXBuildFile section */
		4238FE2B2012635B003E7E98 /* main.m in Sources */ = {isa = PBXBuildFile; fileRef = 4238FE2A2012635A003E7E98 /* main.m */; };
		4238FE2E2012635B003E7E98 /* AppDelegate.m in Sources */ = {isa = PBXBuildFile; fileRef = 4238FE2D2012635B003E7E98 /* AppDelegate.m */; };
		4238FE312012635B003E7E98 /* ViewController.m in Sources */ = {isa = PBXBuildFile; fileRef = 4238FE302012635B003E7E98 /* ViewController.m */; };
		4238FE342012635B003E7E98 /* Main.storyboard in Resources */ = {isa = PBXBuildFile; fileRef = 4238FE322012635B003E7E98 /* Main.storyboard */; };
		4238FE372012635B003E7E98 /* Contacts.xcdatamodeld in Sources */ = {isa = PBXBuildFile; fileRef = 4238FE352012635B003E7E98 /* Contacts.xcdatamodeld */; };
		4238FE392012635B003E7E98 /* Assets.xcassets in Resources */ = {isa = PBXBuildFile; fileRef = 4238FE382012635B003E7E98 /* Assets.xcassets */; };
		4238FE3C2012635B003E7E98 /* LaunchScreen.storyboard in Resources */ = {isa = PBXBuildFile; fileRef = 4238FE3A2012635B003E7E98 /* LaunchScreen.storyboard */; };
		4238FE472012635B003E7E98 /* ContactsTests.m in Sources */ = {isa = PBXBuildFile; fileRef = 4238FE462012635B003E7E98 /* ContactsTests.m */; };
		4238FE522012635B003E7E98 /* ContactsUITests.m in Sources */ = {isa = PBXBuildFile; fileRef = 4238FE512012635B003E7E98 /* ContactsUITests.m */; };
/* End PBXBuildFile section */

/* Begin PBXContainerItemProxy section */
		4238FE432012635B003E7E98 /* PBXContainerItemProxy */ = {
			isa = PBXContainerItemProxy;
			containerPortal = 4238FE1E2012635A003E7E98 /* Project object */;
			proxyType = 1;
			remoteGlobalIDString = 4238FE252012635A003E7E98;
			remoteInfo = Contacts;
		};
		4238FE4E2012635B003E7E98 /* PBXContainerItemProxy */ = {
			isa = PBXContainerItemProxy;
			containerPortal = 4238FE1E2012635A003E7E98 /* Project object */;
			proxyType = 1;
			remoteGlobalIDString = 4238FE252012635A003E7E98;
			remoteInfo = Contacts;
		};
/* End PBXContainerItemProxy section */

/* Begin PBXFileReference section */
		4238FE262012635A003E7E98 /* Contacts.app */ = {isa = PBXFileReference; explicitFileType = wrapper.application; includeInIndex = 0; path = Contacts.app; sourceTree = BUILT_PRODUCTS_DIR; };
		4238FE2A2012635A003E7E98 /* main.m */ = {isa = PBXFileReference; lastKnownFileType = sourcecode.c.objc; path = main.m; sourceTree = "<group>"; };
		4238FE2C2012635B003E7E98 /* AppDelegate.h */ = {isa = PBXFileReference; lastKnownFileType = sourcecode.c.h; path = AppDelegate.h; sourceTree = "<group>"; };
		4238FE2D2012635B003E7E98 /* AppDelegate.m */ = {isa = PBXFileReference; lastKnownFileType = sourcecode.c.objc; path = AppDelegate.m; sourceTree = "<group>"; };
		4238FE2F2012635B003E7E98 /* ViewController.h */ = {isa = PBXFileReference; lastKnownFileType = sourcecode.c.h; path = ViewController.h; sourceTree = "<group>"; };
		4238FE302012635B003E7E98 /* ViewController.m */ = {isa = PBXFileReference; lastKnownFileType = sourcecode.c.objc; path = ViewController.m; sourceTree = "<group>"; };
		4238FE332012635B003E7E98 /* Base */ = {isa = PBXFileReference; lastKnownFileType = file.storyboard; name = Base; path = Base.lproj/Main.storyboard; sourceTree = "<group>"; };
		4238FE362012635B003E7E98 /* Contacts.xcdatamodel */ = {isa = PBXFileReference; lastKnownFileType = wrapper.xcdatamodel; path = Contacts.xcdatamodel; sourceTree = "<group>"; };
		4238FE382012635B003E7E98 /* Assets.xcassets */ = {isa = PBXFileReference; lastKnownFileType = folder.assetcatalog; path = Assets.xcassets; sourceTree = "<group>"; };
		4238FE3B2012635B003E7E98 /* Base */ = {isa = PBXFileReference; lastKnownFileType = file.storyboard; name = Base; path = Base.lproj/LaunchScreen.storyboard; sourceTree = "<group>"; };
		4238FE3D2012635B003E7E98 /* Info.plist */ = {isa = PBXFileReference; lastKnownFileType = text.plist.xml; path = Info.plist; sourceTree = "<group>"; };
		4238FE422012635B003E7E98 /* ContactsTests.xctest */ = {isa = PBXFileReference; explicitFileType = wrapper.cfbundle; includeInIndex = 0; path = ContactsTests.xctest; sourceTree = BUILT_PRODUCTS_DIR; };
		4238FE462012635B003E7E98 /* ContactsTests.m */ = {isa = PBXFileReference; lastKnownFileType = sourcecode.c.objc; path = ContactsTests.m; sourceTree = "<group>"; };
		4238FE482012635B003E7E98 /* Info.plist */ = {isa = PBXFileReference; lastKnownFileType = text.plist.xml; path = Info.plist; sourceTree = "<group>"; };
		4238FE4D2012635B003E7E98 /* ContactsUITests.xctest */ = {isa = PBXFileReference; explicitFileType = wrapper.cfbundle; includeInIndex = 0; path = ContactsUITests.xctest; sourceTree = BUILT_PRODUCTS_DIR; };
		4238FE512012635B003E7E98 /* ContactsUITests.m */ = {isa = PBXFileReference; lastKnownFileType = sourcecode.c.objc; path = ContactsUITests.m; sourceTree = "<group>"; };
		4238FE532012635B003E7E98 /* Info.plist */ = {isa = PBXFileReference; lastKnownFileType = text.plist.xml; path = Info.plist; sourceTree = "<group>"; };
/* End PBXFileReference section */

/* Begin PBXFrameworksBuildPhase section */
		4238FE232012635A003E7E98 /* Frameworks */ = {
			isa = PBXFrameworksBuildPhase;
			buildActionMask = 2147483647;
			files = (
			);
			runOnlyForDeploymentPostprocessing = 0;
		};
		4238FE3F2012635B003E7E98 /* Frameworks */ = {
			isa = PBXFrameworksBuildPhase;
			buildActionMask = 2147483647;
			files = (
			);
			runOnlyForDeploymentPostprocessing = 0;
		};
		4238FE4A2012635B003E7E98 /* Frameworks */ = {
			isa = PBXFrameworksBuildPhase;
			buildActionMask = 2147483647;
			files = (
			);
			runOnlyForDeploymentPostprocessing = 0;
		};
/* End PBXFrameworksBuildPhase section */

/* Begin PBXGroup section */
		4238FE1D2012635A003E7E98 = {
			isa = PBXGroup;
			children = (
				4238FE282012635A003E7E98 /* Contacts */,
				4238FE452012635B003E7E98 /* ContactsTests */,
				4238FE502012635B003E7E98 /* ContactsUITests */,
				4238FE272012635A003E7E98 /* Products */,
			);
			sourceTree = "<group>";
		};
		4238FE272012635A003E7E98 /* Products */ = {
			isa = PBXGroup;
			children = (
				4238FE262012635A003E7E98 /* Contacts.app */,
				4238FE422012635B003E7E98 /* ContactsTests.xctest */,
				4238FE4D2012635B003E7E98 /* ContactsUITests.xctest */,
			);
			name = Products;
			sourceTree = "<group>";
		};
		4238FE282012635A003E7E98 /* Contacts */ = {
			isa = PBXGroup;
			children = (
				4238FE2C2012635B003E7E98 /* AppDelegate.h */,
				4238FE2D2012635B003E7E98 /* AppDelegate.m */,
				4238FE2F2012635B003E7E98 /* ViewController.h */,
				4238FE302012635B003E7E98 /* ViewController.m */,
				4238FE322012635B003E7E98 /* Main.storyboard */,
				4238FE382012635B003E7E98 /* Assets.xcassets */,
				4238FE3A2012635B003E7E98 /* LaunchScreen.storyboard */,
				4238FE3D2012635B003E7E98 /* Info.plist */,
				4238FE352012635B003E7E98 /* Contacts.xcdatamodeld */,
				4238FE292012635A003E7E98 /* Supporting Files */,
			);
			path = Contacts;
			sourceTree = "<group>";
		};
		4238FE292012635A003E7E98 /* Supporting Files */ = {
			isa = PBXGroup;
			children = (
				4238FE2A2012635A003E7E98 /* main.m */,
			);
			name = "Supporting Files";
			sourceTree = "<group>";
		};
		4238FE452012635B003E7E98 /* ContactsTests */ = {
			isa = PBXGroup;
			children = (
				4238FE462012635B003E7E98 /* ContactsTests.m */,
				4238FE482012635B003E7E98 /* Info.plist */,
			);
			path = ContactsTests;
			sourceTree = "<group>";
		};
		4238FE502012635B003E7E98 /* ContactsUITests */ = {
			isa = PBXGroup;
			children = (
				4238FE512012635B003E7E98 /* ContactsUITests.m */,
				4238FE532012635B003E7E98 /* Info.plist */,
			);
			path = ContactsUITests;
			sourceTree = "<group>";
		};
/* End PBXGroup section */

/* Begin PBXNativeTarget section */
		4238FE252012635A003E7E98 /* Contacts */ = {
			isa = PBXNativeTarget;
			buildConfigurationList = 4238FE562012635B003E7E98 /* Build configuration list for PBXNativeTarget "Contacts" */;
			buildPhases = (
				4238FE222012635A003E7E98 /* Sources */,
				4238FE232012635A003E7E98 /* Frameworks */,
				4238FE242012635A003E7E98 /* Resources */,
			);
			buildRules = (
			);
			dependencies = (
			);
			name = Contacts;
			productName = Contacts;
			productReference = 4238FE262012635A003E7E98 /* Contacts.app */;
			productType = "com.apple.product-type.application";
		};
		4238FE412012635B003E7E98 /* ContactsTests */ = {
			isa = PBXNativeTarget;
			buildConfigurationList = 4238FE592012635B003E7E98 /* Build configuration list for PBXNativeTarget "ContactsTests" */;
			buildPhases = (
				4238FE3E2012635B003E7E98 /* Sources */,
				4238FE3F2012635B003E7E98 /* Frameworks */,
				4238FE402012635B003E7E98 /* Resources */,
			);
			buildRules = (
			);
			dependencies = (
				4238FE442012635B003E7E98 /* PBXTargetDependency */,
			);
			name = ContactsTests;
			productName = ContactsTests;
			productReference = 4238FE422012635B003E7E98 /* ContactsTests.xctest */;
			productType = "com.apple.product-type.bundle.unit-test";
		};
		4238FE4C2012635B003E7E98 /* ContactsUITests */ = {
			isa = PBXNativeTarget;
			buildConfigurationList = 4238FE5C2012635B003E7E98 /* Build configuration list for PBXNativeTarget "ContactsUITests" */;
			buildPhases = (
				4238FE492012635B003E7E98 /* Sources */,
				4238FE4A2012635B003E7E98 /* Frameworks */,
				4238FE4B2012635B003E7E98 /* Resources */,
			);
			buildRules = (
			);
			dependencies = (
				4238FE4F2012635B003E7E98 /* PBXTargetDependency */,
			);
			name = ContactsUITests;
			productName = ContactsUITests;
			productReference = 4238FE4D2012635B003E7E98 /* ContactsUITests.xctest */;
			productType = "com.apple.product-type.bundle.ui-testing";
		};
/* End PBXNativeTarget section */

/* Begin PBXProject section */
		4238FE1E2012635A003E7E98 /* Project object */ = {
			isa = PBXProject;
			attributes = {
				LastUpgradeCheck = 0830;
				ORGANIZATIONNAME = "Jesus Daniel Medina Cruz";
				TargetAttributes = {
					4238FE252012635A003E7E98 = {
						CreatedOnToolsVersion = 8.3.2;
						ProvisioningStyle = Automatic;
					};
					4238FE412012635B003E7E98 = {
						CreatedOnToolsVersion = 8.3.2;
						ProvisioningStyle = Automatic;
						TestTargetID = 4238FE252012635A003E7E98;
					};
					4238FE4C2012635B003E7E98 = {
						CreatedOnToolsVersion = 8.3.2;
						ProvisioningStyle = Automatic;
						TestTargetID = 4238FE252012635A003E7E98;
					};
				};
			};
			buildConfigurationList = 4238FE212012635A003E7E98 /* Build configuration list for PBXProject "Contacts" */;
			compatibilityVersion = "Xcode 3.2";
			developmentRegion = English;
			hasScannedForEncodings = 0;
			knownRegions = (
				en,
				Base,
			);
			mainGroup = 4238FE1D2012635A003E7E98;
			productRefGroup = 4238FE272012635A003E7E98 /* Products */;
			projectDirPath = "";
			projectRoot = "";
			targets = (
				4238FE252012635A003E7E98 /* Contacts */,
				4238FE412012635B003E7E98 /* ContactsTests */,
				4238FE4C2012635B003E7E98 /* ContactsUITests */,
			);
		};
/* End PBXProject section */

/* Begin PBXResourcesBuildPhase section */
		4238FE242012635A003E7E98 /* Resources */ = {
			isa = PBXResourcesBuildPhase;
			buildActionMask = 2147483647;
			files = (
				4238FE3C2012635B003E7E98 /* LaunchScreen.storyboard in Resources */,
				4238FE392012635B003E7E98 /* Assets.xcassets in Resources */,
				4238FE342012635B003E7E98 /* Main.storyboard in Resources */,
			);
			runOnlyForDeploymentPostprocessing = 0;
		};
		4238FE402012635B003E7E98 /* Resources */ = {
			isa = PBXResourcesBuildPhase;
			buildActionMask = 2147483647;
			files = (
			);
			runOnlyForDeploymentPostprocessing = 0;
		};
		4238FE4B2012635B003E7E98 /* Resources */ = {
			isa = PBXResourcesBuildPhase;
			buildActionMask = 2147483647;
			files = (
			);
			runOnlyForDeploymentPostprocessing = 0;
		};
/* End PBXResourcesBuildPhase section */

/* Begin PBXSourcesBuildPhase section */
		4238FE222012635A003E7E98 /* Sources */ = {
			isa = PBXSourcesBuildPhase;
			buildActionMask = 2147483647;
			files = (
				4238FE372012635B003E7E98 /* Contacts.xcdatamodeld in Sources */,
				4238FE312012635B003E7E98 /* ViewController.m in Sources */,
				4238FE2E2012635B003E7E98 /* AppDelegate.m in Sources */,
				4238FE2B2012635B003E7E98 /* main.m in Sources */,
			);
			runOnlyForDeploymentPostprocessing = 0;
		};
		4238FE3E2012635B003E7E98 /* Sources */ = {
			isa = PBXSourcesBuildPhase;
			buildActionMask = 2147483647;
			files = (
				4238FE472012635B003E7E98 /* ContactsTests.m in Sources */,
			);
			runOnlyForDeploymentPostprocessing = 0;
		};
		4238FE492012635B003E7E98 /* Sources */ = {
			isa = PBXSourcesBuildPhase;
			buildActionMask = 2147483647;
			files = (
				4238FE522012635B003E7E98 /* ContactsUITests.m in Sources */,
			);
			runOnlyForDeploymentPostprocessing = 0;
		};
/* End PBXSourcesBuildPhase section */

/* Begin PBXTargetDependency section */
		4238FE442012635B003E7E98 /* PBXTargetDependency */ = {
			isa = PBXTargetDependency;
			target = 4238FE252012635A003E7E98 /* Contacts */;
			targetProxy = 4238FE432012635B003E7E98 /* PBXContainerItemProxy */;
		};
		4238FE4F2012635B003E7E98 /* PBXTargetDependency */ = {
			isa = PBXTargetDependency;
			target = 4238FE252012635A003E7E98 /* Contacts */;
			targetProxy = 4238FE4E2012635B003E7E98 /* PBXContainerItemProxy */;
		};
/* End PBXTargetDependency section */

/* Begin PBXVariantGroup section */
		4238FE322012635B003E7E98 /* Main.storyboard */ = {
			isa = PBXVariantGroup;
			children = (
				4238FE332012635B003E7E98 /* Base */,
			);
			name = Main.storyboard;
			sourceTree = "<group>";
		};
		4238FE3A2012635B003E7E98 /* LaunchScreen.storyboard */ = {
			isa = PBXVariantGroup;
			children = (
				4238FE3B2012635B003E7E98 /* Base */,
			);
			name = LaunchScreen.storyboard;
			sourceTree = "<group>";
		};
/* End PBXVariantGroup section */

/* Begin XCBuildConfiguration section */
		4238FE542012635B003E7E98 /* Debug */ = {
			isa = XCBuildConfiguration;
			buildSettings = {
				ALWAYS_SEARCH_USER_PATHS = NO;
				CLANG_ANALYZER_NONNULL = YES;
				CLANG_ANALYZER_NUMBER_OBJECT_CONVERSION = YES_AGGRESSIVE;
				CLANG_CXX_LANGUAGE_STANDARD = "gnu++0x";
				CLANG_CXX_LIBRARY = "libc++";
				CLANG_ENABLE_MODULES = YES;
				CLANG_ENABLE_OBJC_ARC = YES;
				CLANG_WARN_BOOL_CONVERSION = YES;
				CLANG_WARN_CONSTANT_CONVERSION = YES;
				CLANG_WARN_DIRECT_OBJC_ISA_USAGE = YES_ERROR;
				CLANG_WARN_DOCUMENTATION_COMMENTS = YES;
				CLANG_WARN_EMPTY_BODY = YES;
				CLANG_WARN_ENUM_CONVERSION = YES;
				CLANG_WARN_INFINITE_RECURSION = YES;
				CLANG_WARN_INT_CONVERSION = YES;
				CLANG_WARN_OBJC_ROOT_CLASS = YES_ERROR;
				CLANG_WARN_SUSPICIOUS_MOVE = YES;
				CLANG_WARN_UNREACHABLE_CODE = YES;
				CLANG_WARN__DUPLICATE_METHOD_MATCH = YES;
				"CODE_SIGN_IDENTITY[sdk=iphoneos*]" = "iPhone Developer";
				COPY_PHASE_STRIP = NO;
				DEBUG_INFORMATION_FORMAT = dwarf;
				ENABLE_STRICT_OBJC_MSGSEND = YES;
				ENABLE_TESTABILITY = YES;
				GCC_C_LANGUAGE_STANDARD = gnu99;
				GCC_DYNAMIC_NO_PIC = NO;
				GCC_NO_COMMON_BLOCKS = YES;
				GCC_OPTIMIZATION_LEVEL = 0;
				GCC_PREPROCESSOR_DEFINITIONS = (
					"DEBUG=1",
					"$(inherited)",
				);
				GCC_WARN_64_TO_32_BIT_CONVERSION = YES;
				GCC_WARN_ABOUT_RETURN_TYPE = YES_ERROR;
				GCC_WARN_UNDECLARED_SELECTOR = YES;
				GCC_WARN_UNINITIALIZED_AUTOS = YES_AGGRESSIVE;
				GCC_WARN_UNUSED_FUNCTION = YES;
				GCC_WARN_UNUSED_VARIABLE = YES;
				IPHONEOS_DEPLOYMENT_TARGET = 10.3;
				MTL_ENABLE_DEBUG_INFO = YES;
				ONLY_ACTIVE_ARCH = YES;
				SDKROOT = iphoneos;
				TARGETED_DEVICE_FAMILY = "1,2";
			};
			name = Debug;
		};
		4238FE552012635B003E7E98 /* Release */ = {
			isa = XCBuildConfiguration;
			buildSettings = {
				ALWAYS_SEARCH_USER_PATHS = NO;
				CLANG_ANALYZER_NONNULL = YES;
				CLANG_ANALYZER_NUMBER_OBJECT_CONVERSION = YES_AGGRESSIVE;
				CLANG_CXX_LANGUAGE_STANDARD = "gnu++0x";
				CLANG_CXX_LIBRARY = "libc++";
				CLANG_ENABLE_MODULES = YES;
				CLANG_ENABLE_OBJC_ARC = YES;
				CLANG_WARN_BOOL_CONVERSION = YES;
				CLANG_WARN_CONSTANT_CONVERSION = YES;
				CLANG_WARN_DIRECT_OBJC_ISA_USAGE = YES_ERROR;
				CLANG_WARN_DOCUMENTATION_COMMENTS = YES;
				CLANG_WARN_EMPTY_BODY = YES;
				CLANG_WARN_ENUM_CONVERSION = YES;
				CLANG_WARN_INFINITE_RECURSION = YES;
				CLANG_WARN_INT_CONVERSION = YES;
				CLANG_WARN_OBJC_ROOT_CLASS = YES_ERROR;
				CLANG_WARN_SUSPICIOUS_MOVE = YES;
				CLANG_WARN_UNREACHABLE_CODE = YES;
				CLANG_WARN__DUPLICATE_METHOD_MATCH = YES;
				"CODE_SIGN_IDENTITY[sdk=iphoneos*]" = "iPhone Developer";
				COPY_PHASE_STRIP = NO;
				DEBUG_INFORMATION_FORMAT = "dwarf-with-dsym";
				ENABLE_NS_ASSERTIONS = NO;
				ENABLE_STRICT_OBJC_MSGSEND = YES;
				GCC_C_LANGUAGE_STANDARD = gnu99;
				GCC_NO_COMMON_BLOCKS = YES;
				GCC_WARN_64_TO_32_BIT_CONVERSION = YES;
				GCC_WARN_ABOUT_RETURN_TYPE = YES_ERROR;
				GCC_WARN_UNDECLARED_SELECTOR = YES;
				GCC_WARN_UNINITIALIZED_AUTOS = YES_AGGRESSIVE;
				GCC_WARN_UNUSED_FUNCTION = YES;
				GCC_WARN_UNUSED_VARIABLE = YES;
				IPHONEOS_DEPLOYMENT_TARGET = 10.3;
				MTL_ENABLE_DEBUG_INFO = NO;
				SDKROOT = iphoneos;
				TARGETED_DEVICE_FAMILY = "1,2";
				VALIDATE_PRODUCT = YES;
			};
			name = Release;
		};
		4238FE572012635B003E7E98 /* Debug */ = {
			isa = XCBuildConfiguration;
			buildSettings = {
				ASSETCATALOG_COMPILER_APPICON_NAME = AppIcon;
				INFOPLIST_FILE = Contacts/Info.plist;
				LD_RUNPATH_SEARCH_PATHS = "$(inherited) @executable_path/Frameworks";
				PRODUCT_BUNDLE_IDENTIFIER = DMC.Contacts;
				PRODUCT_NAME = "$(TARGET_NAME)";
			};
			name = Debug;
		};
		4238FE582012635B003E7E98 /* Release */ = {
			isa = XCBuildConfiguration;
			buildSettings = {
				ASSETCATALOG_COMPILER_APPICON_NAME = AppIcon;
				INFOPLIST_FILE = Contacts/Info.plist;
				LD_RUNPATH_SEARCH_PATHS = "$(inherited) @executable_path/Frameworks";
				PRODUCT_BUNDLE_IDENTIFIER = DMC.Contacts;
				PRODUCT_NAME = "$(TARGET_NAME)";
			};
			name = Release;
		};
		4238FE5A2012635B003E7E98 /* Debug */ = {
			isa = XCBuildConfiguration;
			buildSettings = {
				BUNDLE_LOADER = "$(TEST_HOST)";
				INFOPLIST_FILE = ContactsTests/Info.plist;
				LD_RUNPATH_SEARCH_PATHS = "$(inherited) @executable_path/Frameworks @loader_path/Frameworks";
				PRODUCT_BUNDLE_IDENTIFIER = DMC.ContactsTests;
				PRODUCT_NAME = "$(TARGET_NAME)";
				TEST_HOST = "$(BUILT_PRODUCTS_DIR)/Contacts.app/Contacts";
			};
			name = Debug;
		};
		4238FE5B2012635B003E7E98 /* Release */ = {
			isa = XCBuildConfiguration;
			buildSettings = {
				BUNDLE_LOADER = "$(TEST_HOST)";
				INFOPLIST_FILE = ContactsTests/Info.plist;
				LD_RUNPATH_SEARCH_PATHS = "$(inherited) @executable_path/Frameworks @loader_path/Frameworks";
				PRODUCT_BUNDLE_IDENTIFIER = DMC.ContactsTests;
				PRODUCT_NAME = "$(TARGET_NAME)";
				TEST_HOST = "$(BUILT_PRODUCTS_DIR)/Contacts.app/Contacts";
			};
			name = Release;
		};
		4238FE5D2012635B003E7E98 /* Debug */ = {
			isa = XCBuildConfiguration;
			buildSettings = {
				INFOPLIST_FILE = ContactsUITests/Info.plist;
				LD_RUNPATH_SEARCH_PATHS = "$(inherited) @executable_path/Frameworks @loader_path/Frameworks";
				PRODUCT_BUNDLE_IDENTIFIER = DMC.ContactsUITests;
				PRODUCT_NAME = "$(TARGET_NAME)";
				TEST_TARGET_NAME = Contacts;
			};
			name = Debug;
		};
		4238FE5E2012635B003E7E98 /* Release */ = {
			isa = XCBuildConfiguration;
			buildSettings = {
				INFOPLIST_FILE = ContactsUITests/Info.plist;
				LD_RUNPATH_SEARCH_PATHS = "$(inherited) @executable_path/Frameworks @loader_path/Frameworks";
				PRODUCT_BUNDLE_IDENTIFIER = DMC.ContactsUITests;
				PRODUCT_NAME = "$(TARGET_NAME)";
				TEST_TARGET_NAME = Contacts;
			};
			name = Release;
		};
/* End XCBuildConfiguration section */

/* Begin XCConfigurationList section */
		4238FE212012635A003E7E98 /* Build configuration list for PBXProject "Contacts" */ = {
			isa = XCConfigurationList;
			buildConfigurations = (
				4238FE542012635B003E7E98 /* Debug */,
				4238FE552012635B003E7E98 /* Release */,
			);
			defaultConfigurationIsVisible = 0;
			defaultConfigurationName = Release;
		};
		4238FE562012635B003E7E98 /* Build configuration list for PBXNativeTarget "Contacts" */ = {
			isa = XCConfigurationList;
			buildConfigurations = (
				4238FE572012635B003E7E98 /* Debug */,
				4238FE582012635B003E7E98 /* Release */,
			);
			defaultConfigurationIsVisible = 0;
		};
		4238FE592012635B003E7E98 /* Build configuration list for PBXNativeTarget "ContactsTests" */ = {
			isa = XCConfigurationList;
			buildConfigurations = (
				4238FE5A2012635B003E7E98 /* Debug */,
				4238FE5B2012635B003E7E98 /* Release */,
			);
			defaultConfigurationIsVisible = 0;
		};
		4238FE5C2012635B003E7E98 /* Build configuration list for PBXNativeTarget "ContactsUITests" */ = {
			isa = XCConfigurationList;
			buildConfigurations = (
				4238FE5D2012635B003E7E98 /* Debug */,
				4238FE5E2012635B003E7E98 /* Release */,
			);
			defaultConfigurationIsVisible = 0;
		};
/* End XCConfigurationList section */

/* Begin XCVersionGroup section */
		4238FE352012635B003E7E98 /* Contacts.xcdatamodeld */ = {
			isa = XCVersionGroup;
			children = (
				4238FE362012635B003E7E98 /* Contacts.xcdatamodel */,
			);
			currentVersion = 4238FE362012635B003E7E98 /* Contacts.xcdatamodel */;
			path = Contacts.xcdatamodeld;
			sourceTree = "<group>";
			versionGroupType = wrapper.xcdatamodel;
		};
/* End XCVersionGroup section */
	};
	rootObject = 4238FE1E2012635A003E7E98 /* Project object */;
}
